
Microsoft Visual Studio Solution File, Format Version 12.00
# Visual Studio Version 16
VisualStudioVersion = 16.0.31515.178
MinimumVisualStudioVersion = 10.0.40219.1
Project("{FAE04EC0-301F-11D3-BF4B-00C04F79EFBC}") = "Ejercicio9.console", "Ejercicio9.console\Ejercicio9.console.csproj", "{7C64F6A6-A444-4F4A-8FFA-3779824FF7CD}"
EndProject
Global
	GlobalSection(SolutionConfigurationPlatforms) = preSolution
		Debug|Any CPU = Debug|Any CPU
		Release|Any CPU = Release|Any CPU
	EndGlobalSection
	GlobalSection(ProjectConfigurationPlatforms) = postSolution
		{7C64F6A6-A444-4F4A-8FFA-3779824FF7CD}.Debug|Any CPU.ActiveCfg = Debug|Any CPU
		{7C64F6A6-A444-4F4A-8FFA-3779824FF7CD}.Debug|Any CPU.Build.0 = Debug|Any CPU
		{7C64F6A6-A444-4F4A-8FFA-3779824FF7CD}.Release|Any CPU.ActiveCfg = Release|Any CPU
		{7C64F6A6-A444-4F4A-8FFA-3779824FF7CD}.Release|Any CPU.Build.0 = Release|Any CPU
	EndGlobalSection
	GlobalSection(SolutionProperties) = preSolution
		HideSolutionNode = FALSE
	EndGlobalSection
	GlobalSection(ExtensibilityGlobals) = postSolution
		SolutionGuid = {CEBF7CFD-C77A-4A0F-8C00-7B6F244D9472}
	EndGlobalSection
EndGlobal
