
Microsoft Visual Studio Solution File, Format Version 12.00
# Visual Studio Version 16
VisualStudioVersion = 16.0.31515.178
MinimumVisualStudioVersion = 10.0.40219.1
Project("{FAE04EC0-301F-11D3-BF4B-00C04F79EFBC}") = "Ejercicio8.console", "Ejercicio8.console\Ejercicio8.console.csproj", "{10FEB7C2-3B20-4159-9B5A-2979AFD3269C}"
EndProject
Global
	GlobalSection(SolutionConfigurationPlatforms) = preSolution
		Debug|Any CPU = Debug|Any CPU
		Release|Any CPU = Release|Any CPU
	EndGlobalSection
	GlobalSection(ProjectConfigurationPlatforms) = postSolution
		{10FEB7C2-3B20-4159-9B5A-2979AFD3269C}.Debug|Any CPU.ActiveCfg = Debug|Any CPU
		{10FEB7C2-3B20-4159-9B5A-2979AFD3269C}.Debug|Any CPU.Build.0 = Debug|Any CPU
		{10FEB7C2-3B20-4159-9B5A-2979AFD3269C}.Release|Any CPU.ActiveCfg = Release|Any CPU
		{10FEB7C2-3B20-4159-9B5A-2979AFD3269C}.Release|Any CPU.Build.0 = Release|Any CPU
	EndGlobalSection
	GlobalSection(SolutionProperties) = preSolution
		HideSolutionNode = FALSE
	EndGlobalSection
	GlobalSection(ExtensibilityGlobals) = postSolution
		SolutionGuid = {4F165AC2-90CA-4B55-94EF-FD62E33170B7}
	EndGlobalSection
EndGlobal
