
Microsoft Visual Studio Solution File, Format Version 12.00
# Visual Studio Version 16
VisualStudioVersion = 16.0.31515.178
MinimumVisualStudioVersion = 10.0.40219.1
Project("{FAE04EC0-301F-11D3-BF4B-00C04F79EFBC}") = "Ejercicio12.console", "Ejercicio12.console\Ejercicio12.console.csproj", "{53D367FB-59AE-4444-B4CD-3B9CAAF0860E}"
EndProject
Global
	GlobalSection(SolutionConfigurationPlatforms) = preSolution
		Debug|Any CPU = Debug|Any CPU
		Release|Any CPU = Release|Any CPU
	EndGlobalSection
	GlobalSection(ProjectConfigurationPlatforms) = postSolution
		{53D367FB-59AE-4444-B4CD-3B9CAAF0860E}.Debug|Any CPU.ActiveCfg = Debug|Any CPU
		{53D367FB-59AE-4444-B4CD-3B9CAAF0860E}.Debug|Any CPU.Build.0 = Debug|Any CPU
		{53D367FB-59AE-4444-B4CD-3B9CAAF0860E}.Release|Any CPU.ActiveCfg = Release|Any CPU
		{53D367FB-59AE-4444-B4CD-3B9CAAF0860E}.Release|Any CPU.Build.0 = Release|Any CPU
	EndGlobalSection
	GlobalSection(SolutionProperties) = preSolution
		HideSolutionNode = FALSE
	EndGlobalSection
	GlobalSection(ExtensibilityGlobals) = postSolution
		SolutionGuid = {3B8F6138-F782-4ACA-AAD4-277F542B751A}
	EndGlobalSection
EndGlobal
