
Microsoft Visual Studio Solution File, Format Version 12.00
# Visual Studio Version 16
VisualStudioVersion = 16.0.31515.178
MinimumVisualStudioVersion = 10.0.40219.1
Project("{FAE04EC0-301F-11D3-BF4B-00C04F79EFBC}") = "Ejercicio5.console", "Ejercicio5.console\Ejercicio5.console.csproj", "{D9EAC224-BB16-466B-AFC3-24E758591C6B}"
EndProject
Global
	GlobalSection(SolutionConfigurationPlatforms) = preSolution
		Debug|Any CPU = Debug|Any CPU
		Release|Any CPU = Release|Any CPU
	EndGlobalSection
	GlobalSection(ProjectConfigurationPlatforms) = postSolution
		{D9EAC224-BB16-466B-AFC3-24E758591C6B}.Debug|Any CPU.ActiveCfg = Debug|Any CPU
		{D9EAC224-BB16-466B-AFC3-24E758591C6B}.Debug|Any CPU.Build.0 = Debug|Any CPU
		{D9EAC224-BB16-466B-AFC3-24E758591C6B}.Release|Any CPU.ActiveCfg = Release|Any CPU
		{D9EAC224-BB16-466B-AFC3-24E758591C6B}.Release|Any CPU.Build.0 = Release|Any CPU
	EndGlobalSection
	GlobalSection(SolutionProperties) = preSolution
		HideSolutionNode = FALSE
	EndGlobalSection
	GlobalSection(ExtensibilityGlobals) = postSolution
		SolutionGuid = {5E77D163-5AB0-4D01-A693-0A71B3D10EF3}
	EndGlobalSection
EndGlobal
