
Microsoft Visual Studio Solution File, Format Version 12.00
# Visual Studio Version 16
VisualStudioVersion = 16.0.31515.178
MinimumVisualStudioVersion = 10.0.40219.1
Project("{FAE04EC0-301F-11D3-BF4B-00C04F79EFBC}") = "Ejercicio6.console", "Ejercicio6.console\Ejercicio6.console.csproj", "{5FD62221-89E6-46FD-B915-38E3BF043EBF}"
EndProject
Project("{FAE04EC0-301F-11D3-BF4B-00C04F79EFBC}") = "VerificarEntero", "VerificarEntero\VerificarEntero.csproj", "{4E7F3016-E063-40F5-BCC7-19EFAABA0E2E}"
EndProject
Global
	GlobalSection(SolutionConfigurationPlatforms) = preSolution
		Debug|Any CPU = Debug|Any CPU
		Release|Any CPU = Release|Any CPU
	EndGlobalSection
	GlobalSection(ProjectConfigurationPlatforms) = postSolution
		{5FD62221-89E6-46FD-B915-38E3BF043EBF}.Debug|Any CPU.ActiveCfg = Debug|Any CPU
		{5FD62221-89E6-46FD-B915-38E3BF043EBF}.Debug|Any CPU.Build.0 = Debug|Any CPU
		{5FD62221-89E6-46FD-B915-38E3BF043EBF}.Release|Any CPU.ActiveCfg = Release|Any CPU
		{5FD62221-89E6-46FD-B915-38E3BF043EBF}.Release|Any CPU.Build.0 = Release|Any CPU
		{4E7F3016-E063-40F5-BCC7-19EFAABA0E2E}.Debug|Any CPU.ActiveCfg = Debug|Any CPU
		{4E7F3016-E063-40F5-BCC7-19EFAABA0E2E}.Debug|Any CPU.Build.0 = Debug|Any CPU
		{4E7F3016-E063-40F5-BCC7-19EFAABA0E2E}.Release|Any CPU.ActiveCfg = Release|Any CPU
		{4E7F3016-E063-40F5-BCC7-19EFAABA0E2E}.Release|Any CPU.Build.0 = Release|Any CPU
	EndGlobalSection
	GlobalSection(SolutionProperties) = preSolution
		HideSolutionNode = FALSE
	EndGlobalSection
	GlobalSection(ExtensibilityGlobals) = postSolution
		SolutionGuid = {12142BCA-BD7D-4B71-BE10-2D7A8241395D}
	EndGlobalSection
EndGlobal
